// !$*UTF8*$!
{
	archiveVersion = 1;
	classes = {
	};
	objectVersion = 50;
	objects = {

/* Begin PBXBuildFile section */
		7255F1F024BD2E6E007E98A4 /* AppDelegate.swift in Sources */ = {isa = PBXBuildFile; fileRef = 7255F1EF24BD2E6E007E98A4 /* AppDelegate.swift */; };
		7255F1F224BD2E6E007E98A4 /* SceneDelegate.swift in Sources */ = {isa = PBXBuildFile; fileRef = 7255F1F124BD2E6E007E98A4 /* SceneDelegate.swift */; };
		7255F1F424BD2E6E007E98A4 /* ViewController.swift in Sources */ = {isa = PBXBuildFile; fileRef = 7255F1F324BD2E6E007E98A4 /* ViewController.swift */; };
		7255F1F724BD2E6E007E98A4 /* Main.storyboard in Resources */ = {isa = PBXBuildFile; fileRef = 7255F1F524BD2E6E007E98A4 /* Main.storyboard */; };
		7255F1FA24BD2E6E007E98A4 /* ImagePicker.xcdatamodeld in Sources */ = {isa = PBXBuildFile; fileRef = 7255F1F824BD2E6E007E98A4 /* ImagePicker.xcdatamodeld */; };
		7255F1FC24BD2E71007E98A4 /* Assets.xcassets in Resources */ = {isa = PBXBuildFile; fileRef = 7255F1FB24BD2E71007E98A4 /* Assets.xcassets */; };
		7255F1FF24BD2E71007E98A4 /* LaunchScreen.storyboard in Resources */ = {isa = PBXBuildFile; fileRef = 7255F1FD24BD2E71007E98A4 /* LaunchScreen.storyboard */; };
/* End PBXBuildFile section */

/* Begin PBXFileReference section */
		7255F1EC24BD2E6E007E98A4 /* ImagePicker.app */ = {isa = PBXFileReference; explicitFileType = wrapper.application; includeInIndex = 0; path = ImagePicker.app; sourceTree = BUILT_PRODUCTS_DIR; };
		7255F1EF24BD2E6E007E98A4 /* AppDelegate.swift */ = {isa = PBXFileReference; lastKnownFileType = sourcecode.swift; path = AppDelegate.swift; sourceTree = "<group>"; };
		7255F1F124BD2E6E007E98A4 /* SceneDelegate.swift */ = {isa = PBXFileReference; lastKnownFileType = sourcecode.swift; path = SceneDelegate.swift; sourceTree = "<group>"; };
		7255F1F324BD2E6E007E98A4 /* ViewController.swift */ = {isa = PBXFileReference; lastKnownFileType = sourcecode.swift; path = ViewController.swift; sourceTree = "<group>"; };
		7255F1F624BD2E6E007E98A4 /* Base */ = {isa = PBXFileReference; lastKnownFileType = file.storyboard; name = Base; path = Base.lproj/Main.storyboard; sourceTree = "<group>"; };
		7255F1F924BD2E6E007E98A4 /* ImagePicker.xcdatamodel */ = {isa = PBXFileReference; lastKnownFileType = wrapper.xcdatamodel; path = ImagePicker.xcdatamodel; sourceTree = "<group>"; };
		7255F1FB24BD2E71007E98A4 /* Assets.xcassets */ = {isa = PBXFileReference; lastKnownFileType = folder.assetcatalog; path = Assets.xcassets; sourceTree = "<group>"; };
		7255F1FE24BD2E71007E98A4 /* Base */ = {isa = PBXFileReference; lastKnownFileType = file.storyboard; name = Base; path = Base.lproj/LaunchScreen.storyboard; sourceTree = "<group>"; };
		7255F20024BD2E71007E98A4 /* Info.plist */ = {isa = PBXFileReference; lastKnownFileType = text.plist.xml; path = Info.plist; sourceTree = "<group>"; };
/* End PBXFileReference section */

/* Begin PBXFrameworksBuildPhase section */
		7255F1E924BD2E6E007E98A4 /* Frameworks */ = {
			isa = PBXFrameworksBuildPhase;
			buildActionMask = 2147483647;
			files = (
			);
			runOnlyForDeploymentPostprocessing = 0;
		};
/* End PBXFrameworksBuildPhase section */

/* Begin PBXGroup section */
		7255F1E324BD2E6E007E98A4 = {
			isa = PBXGroup;
			children = (
				7255F1EE24BD2E6E007E98A4 /* ImagePicker */,
				7255F1ED24BD2E6E007E98A4 /* Products */,
			);
			sourceTree = "<group>";
		};
		7255F1ED24BD2E6E007E98A4 /* Products */ = {
			isa = PBXGroup;
			children = (
				7255F1EC24BD2E6E007E98A4 /* ImagePicker.app */,
			);
			name = Products;
			sourceTree = "<group>";
		};
		7255F1EE24BD2E6E007E98A4 /* ImagePicker */ = {
			isa = PBXGroup;
			children = (
				7255F1EF24BD2E6E007E98A4 /* AppDelegate.swift */,
				7255F1F124BD2E6E007E98A4 /* SceneDelegate.swift */,
				7255F1F324BD2E6E007E98A4 /* ViewController.swift */,
				7255F1F524BD2E6E007E98A4 /* Main.storyboard */,
				7255F1FB24BD2E71007E98A4 /* Assets.xcassets */,
				7255F1FD24BD2E71007E98A4 /* LaunchScreen.storyboard */,
				7255F20024BD2E71007E98A4 /* Info.plist */,
				7255F1F824BD2E6E007E98A4 /* ImagePicker.xcdatamodeld */,
			);
			path = ImagePicker;
			sourceTree = "<group>";
		};
/* End PBXGroup section */

/* Begin PBXNativeTarget section */
		7255F1EB24BD2E6E007E98A4 /* ImagePicker */ = {
			isa = PBXNativeTarget;
			buildConfigurationList = 7255F20324BD2E71007E98A4 /* Build configuration list for PBXNativeTarget "ImagePicker" */;
			buildPhases = (
				7255F1E824BD2E6E007E98A4 /* Sources */,
				7255F1E924BD2E6E007E98A4 /* Frameworks */,
				7255F1EA24BD2E6E007E98A4 /* Resources */,
			);
			buildRules = (
			);
			dependencies = (
			);
			name = ImagePicker;
			productName = ImagePicker;
			productReference = 7255F1EC24BD2E6E007E98A4 /* ImagePicker.app */;
			productType = "com.apple.product-type.application";
		};
/* End PBXNativeTarget section */

/* Begin PBXProject section */
		7255F1E424BD2E6E007E98A4 /* Project object */ = {
			isa = PBXProject;
			attributes = {
				LastSwiftUpdateCheck = 1140;
				LastUpgradeCheck = 1140;
				ORGANIZATIONNAME = "Alyssa Altimas";
				TargetAttributes = {
					7255F1EB24BD2E6E007E98A4 = {
						CreatedOnToolsVersion = 11.4;
					};
				};
			};
			buildConfigurationList = 7255F1E724BD2E6E007E98A4 /* Build configuration list for PBXProject "ImagePicker" */;
			compatibilityVersion = "Xcode 9.3";
			developmentRegion = en;
			hasScannedForEncodings = 0;
			knownRegions = (
				en,
				Base,
			);
			mainGroup = 7255F1E324BD2E6E007E98A4;
			productRefGroup = 7255F1ED24BD2E6E007E98A4 /* Products */;
			projectDirPath = "";
			projectRoot = "";
			targets = (
				7255F1EB24BD2E6E007E98A4 /* ImagePicker */,
			);
		};
/* End PBXProject section */

/* Begin PBXResourcesBuildPhase section */
		7255F1EA24BD2E6E007E98A4 /* Resources */ = {
			isa = PBXResourcesBuildPhase;
			buildActionMask = 2147483647;
			files = (
				7255F1FF24BD2E71007E98A4 /* LaunchScreen.storyboard in Resources */,
				7255F1FC24BD2E71007E98A4 /* Assets.xcassets in Resources */,
				7255F1F724BD2E6E007E98A4 /* Main.storyboard in Resources */,
			);
			runOnlyForDeploymentPostprocessing = 0;
		};
/* End PBXResourcesBuildPhase section */

/* Begin PBXSourcesBuildPhase section */
		7255F1E824BD2E6E007E98A4 /* Sources */ = {
			isa = PBXSourcesBuildPhase;
			buildActionMask = 2147483647;
			files = (
				7255F1F424BD2E6E007E98A4 /* ViewController.swift in Sources */,
				7255F1FA24BD2E6E007E98A4 /* ImagePicker.xcdatamodeld in Sources */,
				7255F1F024BD2E6E007E98A4 /* AppDelegate.swift in Sources */,
				7255F1F224BD2E6E007E98A4 /* SceneDelegate.swift in Sources */,
			);
			runOnlyForDeploymentPostprocessing = 0;
		};
/* End PBXSourcesBuildPhase section */

/* Begin PBXVariantGroup section */
		7255F1F524BD2E6E007E98A4 /* Main.storyboard */ = {
			isa = PBXVariantGroup;
			children = (
				7255F1F624BD2E6E007E98A4 /* Base */,
			);
			name = Main.storyboard;
			sourceTree = "<group>";
		};
		7255F1FD24BD2E71007E98A4 /* LaunchScreen.storyboard */ = {
			isa = PBXVariantGroup;
			children = (
				7255F1FE24BD2E71007E98A4 /* Base */,
			);
			name = LaunchScreen.storyboard;
			sourceTree = "<group>";
		};
/* End PBXVariantGroup section */

/* Begin XCBuildConfiguration section */
		7255F20124BD2E71007E98A4 /* Debug */ = {
			isa = XCBuildConfiguration;
			buildSettings = {
				ALWAYS_SEARCH_USER_PATHS = NO;
				CLANG_ANALYZER_NONNULL = YES;
				CLANG_ANALYZER_NUMBER_OBJECT_CONVERSION = YES_AGGRESSIVE;
				CLANG_CXX_LANGUAGE_STANDARD = "gnu++14";
				CLANG_CXX_LIBRARY = "libc++";
				CLANG_ENABLE_MODULES = YES;
				CLANG_ENABLE_OBJC_ARC = YES;
				CLANG_ENABLE_OBJC_WEAK = YES;
				CLANG_WARN_BLOCK_CAPTURE_AUTORELEASING = YES;
				CLANG_WARN_BOOL_CONVERSION = YES;
				CLANG_WARN_COMMA = YES;
				CLANG_WARN_CONSTANT_CONVERSION = YES;
				CLANG_WARN_DEPRECATED_OBJC_IMPLEMENTATIONS = YES;
				CLANG_WARN_DIRECT_OBJC_ISA_USAGE = YES_ERROR;
				CLANG_WARN_DOCUMENTATION_COMMENTS = YES;
				CLANG_WARN_EMPTY_BODY = YES;
				CLANG_WARN_ENUM_CONVERSION = YES;
				CLANG_WARN_INFINITE_RECURSION = YES;
				CLANG_WARN_INT_CONVERSION = YES;
				CLANG_WARN_NON_LITERAL_NULL_CONVERSION = YES;
				CLANG_WARN_OBJC_IMPLICIT_RETAIN_SELF = YES;
				CLANG_WARN_OBJC_LITERAL_CONVERSION = YES;
				CLANG_WARN_OBJC_ROOT_CLASS = YES_ERROR;
				CLANG_WARN_RANGE_LOOP_ANALYSIS = YES;
				CLANG_WARN_STRICT_PROTOTYPES = YES;
				CLANG_WARN_SUSPICIOUS_MOVE = YES;
				CLANG_WARN_UNGUARDED_AVAILABILITY = YES_AGGRESSIVE;
				CLANG_WARN_UNREACHABLE_CODE = YES;
				CLANG_WARN__DUPLICATE_METHOD_MATCH = YES;
				COPY_PHASE_STRIP = NO;
				DEBUG_INFORMATION_FORMAT = dwarf;
				ENABLE_STRICT_OBJC_MSGSEND = YES;
				ENABLE_TESTABILITY = YES;
				GCC_C_LANGUAGE_STANDARD = gnu11;
				GCC_DYNAMIC_NO_PIC = NO;
				GCC_NO_COMMON_BLOCKS = YES;
				GCC_OPTIMIZATION_LEVEL = 0;
				GCC_PREPROCESSOR_DEFINITIONS = (
					"DEBUG=1",
					"$(inherited)",
				);
				GCC_WARN_64_TO_32_BIT_CONVERSION = YES;
				GCC_WARN_ABOUT_RETURN_TYPE = YES_ERROR;
				GCC_WARN_UNDECLARED_SELECTOR = YES;
				GCC_WARN_UNINITIALIZED_AUTOS = YES_AGGRESSIVE;
				GCC_WARN_UNUSED_FUNCTION = YES;
				GCC_WARN_UNUSED_VARIABLE = YES;
				IPHONEOS_DEPLOYMENT_TARGET = 13.4;
				MTL_ENABLE_DEBUG_INFO = INCLUDE_SOURCE;
				MTL_FAST_MATH = YES;
				ONLY_ACTIVE_ARCH = YES;
				SDKROOT = iphoneos;
				SWIFT_ACTIVE_COMPILATION_CONDITIONS = DEBUG;
				SWIFT_OPTIMIZATION_LEVEL = "-Onone";
			};
			name = Debug;
		};
		7255F20224BD2E71007E98A4 /* Release */ = {
			isa = XCBuildConfiguration;
			buildSettings = {
				ALWAYS_SEARCH_USER_PATHS = NO;
				CLANG_ANALYZER_NONNULL = YES;
				CLANG_ANALYZER_NUMBER_OBJECT_CONVERSION = YES_AGGRESSIVE;
				CLANG_CXX_LANGUAGE_STANDARD = "gnu++14";
				CLANG_CXX_LIBRARY = "libc++";
				CLANG_ENABLE_MODULES = YES;
				CLANG_ENABLE_OBJC_ARC = YES;
				CLANG_ENABLE_OBJC_WEAK = YES;
				CLANG_WARN_BLOCK_CAPTURE_AUTORELEASING = YES;
				CLANG_WARN_BOOL_CONVERSION = YES;
				CLANG_WARN_COMMA = YES;
				CLANG_WARN_CONSTANT_CONVERSION = YES;
				CLANG_WARN_DEPRECATED_OBJC_IMPLEMENTATIONS = YES;
				CLANG_WARN_DIRECT_OBJC_ISA_USAGE = YES_ERROR;
				CLANG_WARN_DOCUMENTATION_COMMENTS = YES;
				CLANG_WARN_EMPTY_BODY = YES;
				CLANG_WARN_ENUM_CONVERSION = YES;
				CLANG_WARN_INFINITE_RECURSION = YES;
				CLANG_WARN_INT_CONVERSION = YES;
				CLANG_WARN_NON_LITERAL_NULL_CONVERSION = YES;
				CLANG_WARN_OBJC_IMPLICIT_RETAIN_SELF = YES;
				CLANG_WARN_OBJC_LITERAL_CONVERSION = YES;
				CLANG_WARN_OBJC_ROOT_CLASS = YES_ERROR;
				CLANG_WARN_RANGE_LOOP_ANALYSIS = YES;
				CLANG_WARN_STRICT_PROTOTYPES = YES;
				CLANG_WARN_SUSPICIOUS_MOVE = YES;
				CLANG_WARN_UNGUARDED_AVAILABILITY = YES_AGGRESSIVE;
				CLANG_WARN_UNREACHABLE_CODE = YES;
				CLANG_WARN__DUPLICATE_METHOD_MATCH = YES;
				COPY_PHASE_STRIP = NO;
				DEBUG_INFORMATION_FORMAT = "dwarf-with-dsym";
				ENABLE_NS_ASSERTIONS = NO;
				ENABLE_STRICT_OBJC_MSGSEND = YES;
				GCC_C_LANGUAGE_STANDARD = gnu11;
				GCC_NO_COMMON_BLOCKS = YES;
				GCC_WARN_64_TO_32_BIT_CONVERSION = YES;
				GCC_WARN_ABOUT_RETURN_TYPE = YES_ERROR;
				GCC_WARN_UNDECLARED_SELECTOR = YES;
				GCC_WARN_UNINITIALIZED_AUTOS = YES_AGGRESSIVE;
				GCC_WARN_UNUSED_FUNCTION = YES;
				GCC_WARN_UNUSED_VARIABLE = YES;
				IPHONEOS_DEPLOYMENT_TARGET = 13.4;
				MTL_ENABLE_DEBUG_INFO = NO;
				MTL_FAST_MATH = YES;
				SDKROOT = iphoneos;
				SWIFT_COMPILATION_MODE = wholemodule;
				SWIFT_OPTIMIZATION_LEVEL = "-O";
				VALIDATE_PRODUCT = YES;
			};
			name = Release;
		};
		7255F20424BD2E71007E98A4 /* Debug */ = {
			isa = XCBuildConfiguration;
			buildSettings = {
				ASSETCATALOG_COMPILER_APPICON_NAME = AppIcon;
				CODE_SIGN_STYLE = Automatic;
				INFOPLIST_FILE = ImagePicker/Info.plist;
				LD_RUNPATH_SEARCH_PATHS = (
					"$(inherited)",
					"@executable_path/Frameworks",
				);
				PRODUCT_BUNDLE_IDENTIFIER = KWK.ImagePicker;
				PRODUCT_NAME = "$(TARGET_NAME)";
				SWIFT_VERSION = 5.0;
				TARGETED_DEVICE_FAMILY = "1,2";
			};
			name = Debug;
		};
		7255F20524BD2E71007E98A4 /* Release */ = {
			isa = XCBuildConfiguration;
			buildSettings = {
				ASSETCATALOG_COMPILER_APPICON_NAME = AppIcon;
				CODE_SIGN_STYLE = Automatic;
				INFOPLIST_FILE = ImagePicker/Info.plist;
				LD_RUNPATH_SEARCH_PATHS = (
					"$(inherited)",
					"@executable_path/Frameworks",
				);
				PRODUCT_BUNDLE_IDENTIFIER = KWK.ImagePicker;
				PRODUCT_NAME = "$(TARGET_NAME)";
				SWIFT_VERSION = 5.0;
				TARGETED_DEVICE_FAMILY = "1,2";
			};
			name = Release;
		};
/* End XCBuildConfiguration section */

/* Begin XCConfigurationList section */
		7255F1E724BD2E6E007E98A4 /* Build configuration list for PBXProject "ImagePicker" */ = {
			isa = XCConfigurationList;
			buildConfigurations = (
				7255F20124BD2E71007E98A4 /* Debug */,
				7255F20224BD2E71007E98A4 /* Release */,
			);
			defaultConfigurationIsVisible = 0;
			defaultConfigurationName = Release;
		};
		7255F20324BD2E71007E98A4 /* Build configuration list for PBXNativeTarget "ImagePicker" */ = {
			isa = XCConfigurationList;
			buildConfigurations = (
				7255F20424BD2E71007E98A4 /* Debug */,
				7255F20524BD2E71007E98A4 /* Release */,
			);
			defaultConfigurationIsVisible = 0;
			defaultConfigurationName = Release;
		};
/* End XCConfigurationList section */

/* Begin XCVersionGroup section */
		7255F1F824BD2E6E007E98A4 /* ImagePicker.xcdatamodeld */ = {
			isa = XCVersionGroup;
			children = (
				7255F1F924BD2E6E007E98A4 /* ImagePicker.xcdatamodel */,
			);
			currentVersion = 7255F1F924BD2E6E007E98A4 /* ImagePicker.xcdatamodel */;
			path = ImagePicker.xcdatamodeld;
			sourceTree = "<group>";
			versionGroupType = wrapper.xcdatamodel;
		};
/* End XCVersionGroup section */
	};
	rootObject = 7255F1E424BD2E6E007E98A4 /* Project object */;
}
